// !$*UTF8*$!
{
	archiveVersion = 1;
	classes = {
	};
	objectVersion = 46;
	objects = {

/* Begin PBXBuildFile section */
		7FFE431F7F28074F20969ECE /* libPods-petbotUITests.a in Frameworks */ = {isa = PBXBuildFile; fileRef = 18710344F87D9B38F573CC0D /* libPods-petbotUITests.a */; };
		A7ED669B8896567F4294BE5E /* libPods-petbotTests.a in Frameworks */ = {isa = PBXBuildFile; fileRef = 53D72D7152664D64A235A083 /* libPods-petbotTests.a */; };
		CC23F85A1CBEDA4B00EA0E62 /* main.m in Sources */ = {isa = PBXBuildFile; fileRef = CC23F8591CBEDA4B00EA0E62 /* main.m */; };
		CC23F85D1CBEDA4B00EA0E62 /* AppDelegate.m in Sources */ = {isa = PBXBuildFile; fileRef = CC23F85C1CBEDA4B00EA0E62 /* AppDelegate.m */; };
		CC23F8631CBEDA4B00EA0E62 /* Main.storyboard in Resources */ = {isa = PBXBuildFile; fileRef = CC23F8611CBEDA4B00EA0E62 /* Main.storyboard */; };
		CC23F8651CBEDA4B00EA0E62 /* Assets.xcassets in Resources */ = {isa = PBXBuildFile; fileRef = CC23F8641CBEDA4B00EA0E62 /* Assets.xcassets */; };
		CC23F8681CBEDA4B00EA0E62 /* LaunchScreen.storyboard in Resources */ = {isa = PBXBuildFile; fileRef = CC23F8661CBEDA4B00EA0E62 /* LaunchScreen.storyboard */; };
		CC23F8731CBEDA4B00EA0E62 /* petbotTests.m in Sources */ = {isa = PBXBuildFile; fileRef = CC23F8721CBEDA4B00EA0E62 /* petbotTests.m */; };
		CC23F87E1CBEDA4B00EA0E62 /* petbotUITests.m in Sources */ = {isa = PBXBuildFile; fileRef = CC23F87D1CBEDA4B00EA0E62 /* petbotUITests.m */; };
		CC23F8901CC5FCE100EA0E62 /* tcp_utils.c in Sources */ = {isa = PBXBuildFile; fileRef = CC23F88D1CC5FCE100EA0E62 /* tcp_utils.c */; };
		CC23F8941CC6165800EA0E62 /* libssl.a in Frameworks */ = {isa = PBXBuildFile; fileRef = CC23F8931CC6165800EA0E62 /* libssl.a */; };
		CC23F8961CC6166000EA0E62 /* libstdc++.6.tbd in Frameworks */ = {isa = PBXBuildFile; fileRef = CC23F8951CC6166000EA0E62 /* libstdc++.6.tbd */; };
		CC23F89C1CC6178C00EA0E62 /* UIKit.framework in Frameworks */ = {isa = PBXBuildFile; fileRef = CC23F89B1CC6178C00EA0E62 /* UIKit.framework */; };
		CC23F89E1CC6179100EA0E62 /* Foundation.framework in Frameworks */ = {isa = PBXBuildFile; fileRef = CC23F89D1CC6179100EA0E62 /* Foundation.framework */; };
		CC23F8A01CC617A000EA0E62 /* CoreGraphics.framework in Frameworks */ = {isa = PBXBuildFile; fileRef = CC23F89F1CC617A000EA0E62 /* CoreGraphics.framework */; };
		CC2411481DB3F08400D1CBFB /* splash2.png in Resources */ = {isa = PBXBuildFile; fileRef = CC2411471DB3F08400D1CBFB /* splash2.png */; };
		CC24114A1DB3F2AF00D1CBFB /* petbot167.png in Resources */ = {isa = PBXBuildFile; fileRef = CC2411491DB3F2AF00D1CBFB /* petbot167.png */; };
		CC24114E1DB4075400D1CBFB /* petbot_180.png in Resources */ = {isa = PBXBuildFile; fileRef = CC24114D1DB4075400D1CBFB /* petbot_180.png */; };
		CC2411501DB46C3200D1CBFB /* AVFoundation.framework in Frameworks */ = {isa = PBXBuildFile; fileRef = CC24114F1DB46C3200D1CBFB /* AVFoundation.framework */; };
		CC2448A71CC61B600036CEB3 /* libiconv.2.4.0.tbd in Frameworks */ = {isa = PBXBuildFile; fileRef = CC2448A61CC61B600036CEB3 /* libiconv.2.4.0.tbd */; };
		CC2448BA1CC6D7CF0036CEB3 /* notes in Resources */ = {isa = PBXBuildFile; fileRef = CC2448B91CC6D7CE0036CEB3 /* notes */; };
		CC2448C41CC6D9240036CEB3 /* EaglUIVIew.m in Sources */ = {isa = PBXBuildFile; fileRef = CC2448BC1CC6D9240036CEB3 /* EaglUIVIew.m */; };
		CC2448C51CC6D9240036CEB3 /* gst_ios_init.m in Sources */ = {isa = PBXBuildFile; fileRef = CC2448BE1CC6D9240036CEB3 /* gst_ios_init.m */; };
		CC2448C61CC6D9240036CEB3 /* GStreamerBackend.m in Sources */ = {isa = PBXBuildFile; fileRef = CC2448C01CC6D9240036CEB3 /* GStreamerBackend.m */; };
		CC2448C71CC6D9240036CEB3 /* VideoViewController.m in Sources */ = {isa = PBXBuildFile; fileRef = CC2448C31CC6D9240036CEB3 /* VideoViewController.m */; };
		CC2C33C91D702611007A886B /* SetupViewController.m in Sources */ = {isa = PBXBuildFile; fileRef = CC2C33C81D702611007A886B /* SetupViewController.m */; };
		CC2C33D31D7BEE05007A886B /* UserInfoViewController.m in Sources */ = {isa = PBXBuildFile; fileRef = CC2C33D21D7BEE05007A886B /* UserInfoViewController.m */; };
		CC2C33D51D7BEF0D007A886B /* WifiInfoViewController.m in Sources */ = {isa = PBXBuildFile; fileRef = CC2C33D41D7BEF0D007A886B /* WifiInfoViewController.m */; };
		CC2C33D81D7BEF84007A886B /* QRViewController.m in Sources */ = {isa = PBXBuildFile; fileRef = CC2C33D71D7BEF84007A886B /* QRViewController.m */; };
		CC3259781DB2C3D500EBCDDF /* UIColor+PBColor.m in Sources */ = {isa = PBXBuildFile; fileRef = CC3259771DB2C3D500EBCDDF /* UIColor+PBColor.m */; };
		CC32597B1DB2C6B300EBCDDF /* PBButton.m in Sources */ = {isa = PBXBuildFile; fileRef = CC32597A1DB2C6B300EBCDDF /* PBButton.m */; };
		CC32597E1DB2C8A800EBCDDF /* PBTextField.m in Sources */ = {isa = PBXBuildFile; fileRef = CC32597D1DB2C8A800EBCDDF /* PBTextField.m */; };
		CC3259811DB2CAAC00EBCDDF /* PBLabel.m in Sources */ = {isa = PBXBuildFile; fileRef = CC3259801DB2CAAC00EBCDDF /* PBLabel.m */; };
		CC3259841DB2D10200EBCDDF /* PBHollowButton.m in Sources */ = {isa = PBXBuildFile; fileRef = CC3259831DB2D10200EBCDDF /* PBHollowButton.m */; };
		CC3259871DB2D68A00EBCDDF /* 8925898_l.jpg in Resources */ = {isa = PBXBuildFile; fileRef = CC3259861DB2D68A00EBCDDF /* 8925898_l.jpg */; };
		CC4A4CBC1DED530300EFFD51 /* silence.mp3 in Resources */ = {isa = PBXBuildFile; fileRef = CC4A4CBB1DED530300EFFD51 /* silence.mp3 */; };
		CC4A4CBE1DEEBA0300EFFD51 /* SoundViewController.m in Sources */ = {isa = PBXBuildFile; fileRef = CC4A4CBD1DEEBA0300EFFD51 /* SoundViewController.m */; };
		CC56F8821DB3001E009013DD /* PBNotifierLabel.m in Sources */ = {isa = PBXBuildFile; fileRef = CC56F8811DB3001E009013DD /* PBNotifierLabel.m */; };
		CC56F8851DB30159009013DD /* PBNotifierCircle.m in Sources */ = {isa = PBXBuildFile; fileRef = CC56F8841DB30159009013DD /* PBNotifierCircle.m */; };
		CC56F8881DB30292009013DD /* PBNotifierView.m in Sources */ = {isa = PBXBuildFile; fileRef = CC56F8871DB30292009013DD /* PBNotifierView.m */; };
		CC5C0B7B1D6A9F9400CC4CEF /* GStreamer.framework in Frameworks */ = {isa = PBXBuildFile; fileRef = CC5C0B7A1D6A9F9400CC4CEF /* GStreamer.framework */; };
		CC6FFEB81DC324D9003969CA /* NotificationService.m in Sources */ = {isa = PBXBuildFile; fileRef = CC6FFEB71DC324D9003969CA /* NotificationService.m */; };
		CC6FFEBC1DC324D9003969CA /* selfie.appex in Embed App Extensions */ = {isa = PBXBuildFile; fileRef = CC6FFEB41DC324D8003969CA /* selfie.appex */; settings = {ATTRIBUTES = (RemoveHeadersOnCopy, ); }; };
		CC6FFEC21DC420E2003969CA /* SelfieViewController.m in Sources */ = {isa = PBXBuildFile; fileRef = CC6FFEC11DC420E2003969CA /* SelfieViewController.m */; };
		CC6FFEC51DC44162003969CA /* SelfieView.m in Sources */ = {isa = PBXBuildFile; fileRef = CC6FFEC41DC44162003969CA /* SelfieView.m */; };
		CC8B24AB1D07A52700FBE180 /* libcrypto.a in Frameworks */ = {isa = PBXBuildFile; fileRef = CC8B24AA1D07A52700FBE180 /* libcrypto.a */; };
		CCA48C641DA7565300275348 /* nice_utils.c in Sources */ = {isa = PBXBuildFile; fileRef = CCA48C621DA7565300275348 /* nice_utils.c */; };
		CCD38ABA1D0B5954005EF60A /* TODO in Resources */ = {isa = PBXBuildFile; fileRef = CCD38AB91D0B5954005EF60A /* TODO */; };
		CCE22D531CE12ED30096CA68 /* LoginViewController.m in Sources */ = {isa = PBXBuildFile; fileRef = CCE22D521CE12ED30096CA68 /* LoginViewController.m */; };
		CCED8B871DB09A9100E96B91 /* PBViewController.m in Sources */ = {isa = PBXBuildFile; fileRef = CCED8B861DB09A9100E96B91 /* PBViewController.m */; };
		DCFE6642827B9F210B103294 /* libPods-petbot.a in Frameworks */ = {isa = PBXBuildFile; fileRef = 347E91F8EE74CAF13F18A24A /* libPods-petbot.a */; };
/* End PBXBuildFile section */

/* Begin PBXContainerItemProxy section */
		CC23F86F1CBEDA4B00EA0E62 /* PBXContainerItemProxy */ = {
			isa = PBXContainerItemProxy;
			containerPortal = CC23F84D1CBEDA4A00EA0E62 /* Project object */;
			proxyType = 1;
			remoteGlobalIDString = CC23F8541CBEDA4A00EA0E62;
			remoteInfo = petbot;
		};
		CC23F87A1CBEDA4B00EA0E62 /* PBXContainerItemProxy */ = {
			isa = PBXContainerItemProxy;
			containerPortal = CC23F84D1CBEDA4A00EA0E62 /* Project object */;
			proxyType = 1;
			remoteGlobalIDString = CC23F8541CBEDA4A00EA0E62;
			remoteInfo = petbot;
		};
		CC6FFEBA1DC324D9003969CA /* PBXContainerItemProxy */ = {
			isa = PBXContainerItemProxy;
			containerPortal = CC23F84D1CBEDA4A00EA0E62 /* Project object */;
			proxyType = 1;
			remoteGlobalIDString = CC6FFEB31DC324D8003969CA;
			remoteInfo = selfie;
		};
/* End PBXContainerItemProxy section */

/* Begin PBXCopyFilesBuildPhase section */
		CC6FFEC01DC324D9003969CA /* Embed App Extensions */ = {
			isa = PBXCopyFilesBuildPhase;
			buildActionMask = 2147483647;
			dstPath = "";
			dstSubfolderSpec = 13;
			files = (
				CC6FFEBC1DC324D9003969CA /* selfie.appex in Embed App Extensions */,
			);
			name = "Embed App Extensions";
			runOnlyForDeploymentPostprocessing = 0;
		};
/* End PBXCopyFilesBuildPhase section */

/* Begin PBXFileReference section */
		09FC2FA6D73D355D1EE07FC1 /* Pods-petbot.debug.xcconfig */ = {isa = PBXFileReference; includeInIndex = 1; lastKnownFileType = text.xcconfig; name = "Pods-petbot.debug.xcconfig"; path = "Pods/Target Support Files/Pods-petbot/Pods-petbot.debug.xcconfig"; sourceTree = "<group>"; };
		18710344F87D9B38F573CC0D /* libPods-petbotUITests.a */ = {isa = PBXFileReference; explicitFileType = archive.ar; includeInIndex = 0; path = "libPods-petbotUITests.a"; sourceTree = BUILT_PRODUCTS_DIR; };
		27A575EAB466C2D11DD250D8 /* Pods-petbotTests.debug.xcconfig */ = {isa = PBXFileReference; includeInIndex = 1; lastKnownFileType = text.xcconfig; name = "Pods-petbotTests.debug.xcconfig"; path = "Pods/Target Support Files/Pods-petbotTests/Pods-petbotTests.debug.xcconfig"; sourceTree = "<group>"; };
		347E91F8EE74CAF13F18A24A /* libPods-petbot.a */ = {isa = PBXFileReference; explicitFileType = archive.ar; includeInIndex = 0; path = "libPods-petbot.a"; sourceTree = BUILT_PRODUCTS_DIR; };
		53D72D7152664D64A235A083 /* libPods-petbotTests.a */ = {isa = PBXFileReference; explicitFileType = archive.ar; includeInIndex = 0; path = "libPods-petbotTests.a"; sourceTree = BUILT_PRODUCTS_DIR; };
		55845B80B42262C9D92FC586 /* Pods-petbot.release.xcconfig */ = {isa = PBXFileReference; includeInIndex = 1; lastKnownFileType = text.xcconfig; name = "Pods-petbot.release.xcconfig"; path = "Pods/Target Support Files/Pods-petbot/Pods-petbot.release.xcconfig"; sourceTree = "<group>"; };
		7F5E4F206B8437F049ADF652 /* Pods-petbotUITests.debug.xcconfig */ = {isa = PBXFileReference; includeInIndex = 1; lastKnownFileType = text.xcconfig; name = "Pods-petbotUITests.debug.xcconfig"; path = "Pods/Target Support Files/Pods-petbotUITests/Pods-petbotUITests.debug.xcconfig"; sourceTree = "<group>"; };
		955BF0A3EE7E9A2299F1B6F2 /* Pods-petbotTests.release.xcconfig */ = {isa = PBXFileReference; includeInIndex = 1; lastKnownFileType = text.xcconfig; name = "Pods-petbotTests.release.xcconfig"; path = "Pods/Target Support Files/Pods-petbotTests/Pods-petbotTests.release.xcconfig"; sourceTree = "<group>"; };
		CC23F8551CBEDA4A00EA0E62 /* petbot.app */ = {isa = PBXFileReference; explicitFileType = wrapper.application; includeInIndex = 0; path = petbot.app; sourceTree = BUILT_PRODUCTS_DIR; };
		CC23F8591CBEDA4B00EA0E62 /* main.m */ = {isa = PBXFileReference; lastKnownFileType = sourcecode.c.objc; path = main.m; sourceTree = "<group>"; };
		CC23F85B1CBEDA4B00EA0E62 /* AppDelegate.h */ = {isa = PBXFileReference; lastKnownFileType = sourcecode.c.h; path = AppDelegate.h; sourceTree = "<group>"; };
		CC23F85C1CBEDA4B00EA0E62 /* AppDelegate.m */ = {isa = PBXFileReference; lastKnownFileType = sourcecode.c.objc; path = AppDelegate.m; sourceTree = "<group>"; };
		CC23F8621CBEDA4B00EA0E62 /* Base */ = {isa = PBXFileReference; lastKnownFileType = file.storyboard; name = Base; path = Base.lproj/Main.storyboard; sourceTree = "<group>"; };
		CC23F8641CBEDA4B00EA0E62 /* Assets.xcassets */ = {isa = PBXFileReference; lastKnownFileType = folder.assetcatalog; path = Assets.xcassets; sourceTree = "<group>"; };
		CC23F8671CBEDA4B00EA0E62 /* Base */ = {isa = PBXFileReference; lastKnownFileType = file.storyboard; name = Base; path = Base.lproj/LaunchScreen.storyboard; sourceTree = "<group>"; };
		CC23F8691CBEDA4B00EA0E62 /* Info.plist */ = {isa = PBXFileReference; lastKnownFileType = text.plist.xml; path = Info.plist; sourceTree = "<group>"; };
		CC23F86E1CBEDA4B00EA0E62 /* petbotTests.xctest */ = {isa = PBXFileReference; explicitFileType = wrapper.cfbundle; includeInIndex = 0; path = petbotTests.xctest; sourceTree = BUILT_PRODUCTS_DIR; };
		CC23F8721CBEDA4B00EA0E62 /* petbotTests.m */ = {isa = PBXFileReference; lastKnownFileType = sourcecode.c.objc; path = petbotTests.m; sourceTree = "<group>"; };
		CC23F8741CBEDA4B00EA0E62 /* Info.plist */ = {isa = PBXFileReference; lastKnownFileType = text.plist.xml; path = Info.plist; sourceTree = "<group>"; };
		CC23F8791CBEDA4B00EA0E62 /* petbotUITests.xctest */ = {isa = PBXFileReference; explicitFileType = wrapper.cfbundle; includeInIndex = 0; path = petbotUITests.xctest; sourceTree = BUILT_PRODUCTS_DIR; };
		CC23F87D1CBEDA4B00EA0E62 /* petbotUITests.m */ = {isa = PBXFileReference; lastKnownFileType = sourcecode.c.objc; path = petbotUITests.m; sourceTree = "<group>"; };
		CC23F87F1CBEDA4B00EA0E62 /* Info.plist */ = {isa = PBXFileReference; lastKnownFileType = text.plist.xml; path = Info.plist; sourceTree = "<group>"; };
		CC23F88D1CC5FCE100EA0E62 /* tcp_utils.c */ = {isa = PBXFileReference; fileEncoding = 4; lastKnownFileType = sourcecode.c.c; path = tcp_utils.c; sourceTree = "<group>"; };
		CC23F88E1CC5FCE100EA0E62 /* tcp_utils.h */ = {isa = PBXFileReference; fileEncoding = 4; lastKnownFileType = sourcecode.c.h; path = tcp_utils.h; sourceTree = "<group>"; };
		CC23F8931CC6165800EA0E62 /* libssl.a */ = {isa = PBXFileReference; lastKnownFileType = archive.ar; name = libssl.a; path = "petbot/libs/openssl-1.0.2f-iOS/lib/libssl.a"; sourceTree = "<group>"; };
		CC23F8951CC6166000EA0E62 /* libstdc++.6.tbd */ = {isa = PBXFileReference; lastKnownFileType = "sourcecode.text-based-dylib-definition"; name = "libstdc++.6.tbd"; path = "usr/lib/libstdc++.6.tbd"; sourceTree = SDKROOT; };
		CC23F8991CC6177A00EA0E62 /* libiconv.2.tbd */ = {isa = PBXFileReference; lastKnownFileType = "sourcecode.text-based-dylib-definition"; name = libiconv.2.tbd; path = usr/lib/libiconv.2.tbd; sourceTree = SDKROOT; };
		CC23F89B1CC6178C00EA0E62 /* UIKit.framework */ = {isa = PBXFileReference; lastKnownFileType = wrapper.framework; name = UIKit.framework; path = System/Library/Frameworks/UIKit.framework; sourceTree = SDKROOT; };
		CC23F89D1CC6179100EA0E62 /* Foundation.framework */ = {isa = PBXFileReference; lastKnownFileType = wrapper.framework; name = Foundation.framework; path = System/Library/Frameworks/Foundation.framework; sourceTree = SDKROOT; };
		CC23F89F1CC617A000EA0E62 /* CoreGraphics.framework */ = {isa = PBXFileReference; lastKnownFileType = wrapper.framework; name = CoreGraphics.framework; path = System/Library/Frameworks/CoreGraphics.framework; sourceTree = SDKROOT; };
		CC2411471DB3F08400D1CBFB /* splash2.png */ = {isa = PBXFileReference; lastKnownFileType = image.png; path = splash2.png; sourceTree = "<group>"; };
		CC2411491DB3F2AF00D1CBFB /* petbot167.png */ = {isa = PBXFileReference; lastKnownFileType = image.png; path = petbot167.png; sourceTree = SOURCE_ROOT; };
		CC24114C1DB406C500D1CBFB /* SetupViewController.h */ = {isa = PBXFileReference; lastKnownFileType = sourcecode.c.h; path = SetupViewController.h; sourceTree = "<group>"; };
		CC24114D1DB4075400D1CBFB /* petbot_180.png */ = {isa = PBXFileReference; lastKnownFileType = image.png; path = petbot_180.png; sourceTree = SOURCE_ROOT; };
		CC24114F1DB46C3200D1CBFB /* AVFoundation.framework */ = {isa = PBXFileReference; lastKnownFileType = wrapper.framework; name = AVFoundation.framework; path = System/Library/Frameworks/AVFoundation.framework; sourceTree = SDKROOT; };
		CC2448A61CC61B600036CEB3 /* libiconv.2.4.0.tbd */ = {isa = PBXFileReference; lastKnownFileType = "sourcecode.text-based-dylib-definition"; name = libiconv.2.4.0.tbd; path = usr/lib/libiconv.2.4.0.tbd; sourceTree = SDKROOT; };
		CC2448B51CC621A90036CEB3 /* PrefixHeader.pch */ = {isa = PBXFileReference; fileEncoding = 4; lastKnownFileType = sourcecode.c.h; path = PrefixHeader.pch; sourceTree = "<group>"; };
		CC2448B91CC6D7CE0036CEB3 /* notes */ = {isa = PBXFileReference; fileEncoding = 4; lastKnownFileType = text; path = notes; sourceTree = "<group>"; };
		CC2448BB1CC6D9240036CEB3 /* EaglUIVIew.h */ = {isa = PBXFileReference; fileEncoding = 4; lastKnownFileType = sourcecode.c.h; path = EaglUIVIew.h; sourceTree = "<group>"; };
		CC2448BC1CC6D9240036CEB3 /* EaglUIVIew.m */ = {isa = PBXFileReference; fileEncoding = 4; lastKnownFileType = sourcecode.c.objc; path = EaglUIVIew.m; sourceTree = "<group>"; };
		CC2448BD1CC6D9240036CEB3 /* gst_ios_init.h */ = {isa = PBXFileReference; fileEncoding = 4; lastKnownFileType = sourcecode.c.h; path = gst_ios_init.h; sourceTree = "<group>"; };
		CC2448BE1CC6D9240036CEB3 /* gst_ios_init.m */ = {isa = PBXFileReference; fileEncoding = 4; lastKnownFileType = sourcecode.c.objc; path = gst_ios_init.m; sourceTree = "<group>"; };
		CC2448BF1CC6D9240036CEB3 /* GStreamerBackend.h */ = {isa = PBXFileReference; fileEncoding = 4; lastKnownFileType = sourcecode.c.h; path = GStreamerBackend.h; sourceTree = "<group>"; };
		CC2448C01CC6D9240036CEB3 /* GStreamerBackend.m */ = {isa = PBXFileReference; fileEncoding = 4; lastKnownFileType = sourcecode.c.objc; path = GStreamerBackend.m; sourceTree = "<group>"; };
		CC2448C11CC6D9240036CEB3 /* GStreamerBackendDelegate.h */ = {isa = PBXFileReference; fileEncoding = 4; lastKnownFileType = sourcecode.c.h; path = GStreamerBackendDelegate.h; sourceTree = "<group>"; };
		CC2448C21CC6D9240036CEB3 /* VideoViewController.h */ = {isa = PBXFileReference; fileEncoding = 4; lastKnownFileType = sourcecode.c.h; path = VideoViewController.h; sourceTree = "<group>"; };
		CC2448C31CC6D9240036CEB3 /* VideoViewController.m */ = {isa = PBXFileReference; fileEncoding = 4; lastKnownFileType = sourcecode.c.objc; path = VideoViewController.m; sourceTree = "<group>"; };
		CC2C33C81D702611007A886B /* SetupViewController.m */ = {isa = PBXFileReference; fileEncoding = 4; lastKnownFileType = sourcecode.c.objc; path = SetupViewController.m; sourceTree = "<group>"; };
		CC2C33D11D7BEDFB007A886B /* UserInfoViewController.h */ = {isa = PBXFileReference; fileEncoding = 4; lastKnownFileType = sourcecode.c.h; path = UserInfoViewController.h; sourceTree = "<group>"; };
		CC2C33D21D7BEE05007A886B /* UserInfoViewController.m */ = {isa = PBXFileReference; fileEncoding = 4; lastKnownFileType = sourcecode.c.objc; path = UserInfoViewController.m; sourceTree = "<group>"; };
		CC2C33D41D7BEF0D007A886B /* WifiInfoViewController.m */ = {isa = PBXFileReference; fileEncoding = 4; lastKnownFileType = sourcecode.c.objc; path = WifiInfoViewController.m; sourceTree = "<group>"; };
		CC2C33D61D7BEF17007A886B /* WifiInfoViewController.h */ = {isa = PBXFileReference; fileEncoding = 4; lastKnownFileType = sourcecode.c.h; path = WifiInfoViewController.h; sourceTree = "<group>"; };
		CC2C33D71D7BEF84007A886B /* QRViewController.m */ = {isa = PBXFileReference; fileEncoding = 4; lastKnownFileType = sourcecode.c.objc; path = QRViewController.m; sourceTree = "<group>"; };
		CC2C33D91D7BEF8F007A886B /* QRViewController.h */ = {isa = PBXFileReference; fileEncoding = 4; lastKnownFileType = sourcecode.c.h; path = QRViewController.h; sourceTree = "<group>"; };
		CC3259761DB2C3D500EBCDDF /* UIColor+PBColor.h */ = {isa = PBXFileReference; fileEncoding = 4; lastKnownFileType = sourcecode.c.h; path = "UIColor+PBColor.h"; sourceTree = "<group>"; };
		CC3259771DB2C3D500EBCDDF /* UIColor+PBColor.m */ = {isa = PBXFileReference; fileEncoding = 4; lastKnownFileType = sourcecode.c.objc; path = "UIColor+PBColor.m"; sourceTree = "<group>"; };
		CC32597A1DB2C6B300EBCDDF /* PBButton.m */ = {isa = PBXFileReference; fileEncoding = 4; lastKnownFileType = sourcecode.c.objc; path = PBButton.m; sourceTree = "<group>"; };
		CC32597C1DB2C6DD00EBCDDF /* PBButton.h */ = {isa = PBXFileReference; lastKnownFileType = sourcecode.c.h; path = PBButton.h; sourceTree = "<group>"; };
		CC32597D1DB2C8A800EBCDDF /* PBTextField.m */ = {isa = PBXFileReference; fileEncoding = 4; lastKnownFileType = sourcecode.c.objc; path = PBTextField.m; sourceTree = "<group>"; };
		CC32597F1DB2C8BD00EBCDDF /* PBTextField.h */ = {isa = PBXFileReference; lastKnownFileType = sourcecode.c.h; path = PBTextField.h; sourceTree = "<group>"; };
		CC3259801DB2CAAC00EBCDDF /* PBLabel.m */ = {isa = PBXFileReference; fileEncoding = 4; lastKnownFileType = sourcecode.c.objc; path = PBLabel.m; sourceTree = "<group>"; };
		CC3259821DB2CACB00EBCDDF /* PBLabel.h */ = {isa = PBXFileReference; lastKnownFileType = sourcecode.c.h; path = PBLabel.h; sourceTree = "<group>"; };
		CC3259831DB2D10200EBCDDF /* PBHollowButton.m */ = {isa = PBXFileReference; fileEncoding = 4; lastKnownFileType = sourcecode.c.objc; path = PBHollowButton.m; sourceTree = "<group>"; };
		CC3259851DB2D12600EBCDDF /* PBHollowButton.h */ = {isa = PBXFileReference; lastKnownFileType = sourcecode.c.h; path = PBHollowButton.h; sourceTree = "<group>"; };
		CC3259861DB2D68A00EBCDDF /* 8925898_l.jpg */ = {isa = PBXFileReference; lastKnownFileType = image.jpeg; name = 8925898_l.jpg; path = ../../../../../Downloads/8925898_l.jpg; sourceTree = "<group>"; };
		CC4A4CBB1DED530300EFFD51 /* silence.mp3 */ = {isa = PBXFileReference; lastKnownFileType = audio.mp3; path = silence.mp3; sourceTree = SOURCE_ROOT; };
		CC4A4CBD1DEEBA0300EFFD51 /* SoundViewController.m */ = {isa = PBXFileReference; fileEncoding = 4; lastKnownFileType = sourcecode.c.objc; path = SoundViewController.m; sourceTree = "<group>"; };
		CC4A4CBF1DEEBA3600EFFD51 /* SoundViewController.h */ = {isa = PBXFileReference; lastKnownFileType = sourcecode.c.h; path = SoundViewController.h; sourceTree = "<group>"; };
		CC56F8811DB3001E009013DD /* PBNotifierLabel.m */ = {isa = PBXFileReference; fileEncoding = 4; lastKnownFileType = sourcecode.c.objc; path = PBNotifierLabel.m; sourceTree = "<group>"; };
		CC56F8831DB30037009013DD /* PBNotifierLabel.h */ = {isa = PBXFileReference; lastKnownFileType = sourcecode.c.h; path = PBNotifierLabel.h; sourceTree = "<group>"; };
		CC56F8841DB30159009013DD /* PBNotifierCircle.m */ = {isa = PBXFileReference; fileEncoding = 4; lastKnownFileType = sourcecode.c.objc; path = PBNotifierCircle.m; sourceTree = "<group>"; };
		CC56F8861DB30170009013DD /* PBNotifierCircle.h */ = {isa = PBXFileReference; lastKnownFileType = sourcecode.c.h; path = PBNotifierCircle.h; sourceTree = "<group>"; };
		CC56F8871DB30292009013DD /* PBNotifierView.m */ = {isa = PBXFileReference; fileEncoding = 4; lastKnownFileType = sourcecode.c.objc; name = PBNotifierView.m; path = petbot/PBNotifierView.m; sourceTree = "<group>"; };
		CC56F8891DB302BB009013DD /* PBNotifierView.h */ = {isa = PBXFileReference; lastKnownFileType = sourcecode.c.h; path = PBNotifierView.h; sourceTree = "<group>"; };
		CC5C0B7A1D6A9F9400CC4CEF /* GStreamer.framework */ = {isa = PBXFileReference; lastKnownFileType = wrapper.framework; name = GStreamer.framework; path = ../../../../../Library/Developer/GStreamer/iPhone.sdk/GStreamer.framework; sourceTree = "<group>"; };
		CC6FFEAF1DC2FA0E003969CA /* petbot.entitlements */ = {isa = PBXFileReference; lastKnownFileType = text.plist.entitlements; path = petbot.entitlements; sourceTree = "<group>"; };
		CC6FFEB41DC324D8003969CA /* selfie.appex */ = {isa = PBXFileReference; explicitFileType = "wrapper.app-extension"; includeInIndex = 0; path = selfie.appex; sourceTree = BUILT_PRODUCTS_DIR; };
		CC6FFEB61DC324D9003969CA /* NotificationService.h */ = {isa = PBXFileReference; lastKnownFileType = sourcecode.c.h; path = NotificationService.h; sourceTree = "<group>"; };
		CC6FFEB71DC324D9003969CA /* NotificationService.m */ = {isa = PBXFileReference; lastKnownFileType = sourcecode.c.objc; path = NotificationService.m; sourceTree = "<group>"; };
		CC6FFEB91DC324D9003969CA /* Info.plist */ = {isa = PBXFileReference; lastKnownFileType = text.plist.xml; path = Info.plist; sourceTree = "<group>"; };
		CC6FFEC11DC420E2003969CA /* SelfieViewController.m */ = {isa = PBXFileReference; fileEncoding = 4; lastKnownFileType = sourcecode.c.objc; path = SelfieViewController.m; sourceTree = "<group>"; };
		CC6FFEC31DC42126003969CA /* SelfieViewController.h */ = {isa = PBXFileReference; lastKnownFileType = sourcecode.c.h; path = SelfieViewController.h; sourceTree = "<group>"; };
		CC6FFEC41DC44162003969CA /* SelfieView.m */ = {isa = PBXFileReference; fileEncoding = 4; lastKnownFileType = sourcecode.c.objc; path = SelfieView.m; sourceTree = "<group>"; };
		CC6FFEC61DC44187003969CA /* SelfieView.h */ = {isa = PBXFileReference; lastKnownFileType = sourcecode.c.h; path = SelfieView.h; sourceTree = "<group>"; };
		CC8B24AA1D07A52700FBE180 /* libcrypto.a */ = {isa = PBXFileReference; lastKnownFileType = archive.ar; name = libcrypto.a; path = "petbot/libs/openssl-1.0.2f-iOS/lib/libcrypto.a"; sourceTree = "<group>"; };
		CCA48C621DA7565300275348 /* nice_utils.c */ = {isa = PBXFileReference; fileEncoding = 4; lastKnownFileType = sourcecode.c.c; path = nice_utils.c; sourceTree = "<group>"; };
		CCA48C631DA7565300275348 /* nice_utils.h */ = {isa = PBXFileReference; fileEncoding = 4; lastKnownFileType = sourcecode.c.h; path = nice_utils.h; sourceTree = "<group>"; };
		CCD38AB91D0B5954005EF60A /* TODO */ = {isa = PBXFileReference; fileEncoding = 4; lastKnownFileType = text; path = TODO; sourceTree = "<group>"; };
		CCE22D511CE12ED30096CA68 /* LoginViewController.h */ = {isa = PBXFileReference; fileEncoding = 4; lastKnownFileType = sourcecode.c.h; name = LoginViewController.h; path = ../LoginViewController.h; sourceTree = "<group>"; };
		CCE22D521CE12ED30096CA68 /* LoginViewController.m */ = {isa = PBXFileReference; fileEncoding = 4; lastKnownFileType = sourcecode.c.objc; name = LoginViewController.m; path = ../LoginViewController.m; sourceTree = "<group>"; };
		CCED8B821DB072C200E96B91 /* pb.h */ = {isa = PBXFileReference; fileEncoding = 4; lastKnownFileType = sourcecode.c.h; path = pb.h; sourceTree = "<group>"; };
		CCED8B861DB09A9100E96B91 /* PBViewController.m */ = {isa = PBXFileReference; fileEncoding = 4; lastKnownFileType = sourcecode.c.objc; path = PBViewController.m; sourceTree = "<group>"; };
		CCED8B881DB09AA100E96B91 /* PBViewController.h */ = {isa = PBXFileReference; lastKnownFileType = sourcecode.c.h; path = PBViewController.h; sourceTree = "<group>"; };
		D8C49DC429ABF475FB4E923E /* Pods-petbotUITests.release.xcconfig */ = {isa = PBXFileReference; includeInIndex = 1; lastKnownFileType = text.xcconfig; name = "Pods-petbotUITests.release.xcconfig"; path = "Pods/Target Support Files/Pods-petbotUITests/Pods-petbotUITests.release.xcconfig"; sourceTree = "<group>"; };
/* End PBXFileReference section */

/* Begin PBXFrameworksBuildPhase section */
		CC23F8521CBEDA4A00EA0E62 /* Frameworks */ = {
			isa = PBXFrameworksBuildPhase;
			buildActionMask = 2147483647;
			files = (
				CC2411501DB46C3200D1CBFB /* AVFoundation.framework in Frameworks */,
				CC5C0B7B1D6A9F9400CC4CEF /* GStreamer.framework in Frameworks */,
				CC2448A71CC61B600036CEB3 /* libiconv.2.4.0.tbd in Frameworks */,
				CC23F89C1CC6178C00EA0E62 /* UIKit.framework in Frameworks */,
				CC8B24AB1D07A52700FBE180 /* libcrypto.a in Frameworks */,
				CC23F8A01CC617A000EA0E62 /* CoreGraphics.framework in Frameworks */,
				CC23F89E1CC6179100EA0E62 /* Foundation.framework in Frameworks */,
				CC23F8961CC6166000EA0E62 /* libstdc++.6.tbd in Frameworks */,
				CC23F8941CC6165800EA0E62 /* libssl.a in Frameworks */,
				DCFE6642827B9F210B103294 /* libPods-petbot.a in Frameworks */,
			);
			runOnlyForDeploymentPostprocessing = 0;
		};
		CC23F86B1CBEDA4B00EA0E62 /* Frameworks */ = {
			isa = PBXFrameworksBuildPhase;
			buildActionMask = 2147483647;
			files = (
				A7ED669B8896567F4294BE5E /* libPods-petbotTests.a in Frameworks */,
			);
			runOnlyForDeploymentPostprocessing = 0;
		};
		CC23F8761CBEDA4B00EA0E62 /* Frameworks */ = {
			isa = PBXFrameworksBuildPhase;
			buildActionMask = 2147483647;
			files = (
				7FFE431F7F28074F20969ECE /* libPods-petbotUITests.a in Frameworks */,
			);
			runOnlyForDeploymentPostprocessing = 0;
		};
		CC6FFEB11DC324D8003969CA /* Frameworks */ = {
			isa = PBXFrameworksBuildPhase;
			buildActionMask = 2147483647;
			files = (
			);
			runOnlyForDeploymentPostprocessing = 0;
		};
/* End PBXFrameworksBuildPhase section */

/* Begin PBXGroup section */
		1EAEB7B80549636BADEC5ABF /* Pods */ = {
			isa = PBXGroup;
			children = (
				09FC2FA6D73D355D1EE07FC1 /* Pods-petbot.debug.xcconfig */,
				55845B80B42262C9D92FC586 /* Pods-petbot.release.xcconfig */,
				27A575EAB466C2D11DD250D8 /* Pods-petbotTests.debug.xcconfig */,
				955BF0A3EE7E9A2299F1B6F2 /* Pods-petbotTests.release.xcconfig */,
				7F5E4F206B8437F049ADF652 /* Pods-petbotUITests.debug.xcconfig */,
				D8C49DC429ABF475FB4E923E /* Pods-petbotUITests.release.xcconfig */,
			);
			name = Pods;
			sourceTree = "<group>";
		};
		CC23F84C1CBEDA4A00EA0E62 = {
			isa = PBXGroup;
			children = (
				CC4580FC1DE15B3D00178132 /* PBUIElements */,
				CC6FFEC31DC42126003969CA /* SelfieViewController.h */,
				CC6FFEC11DC420E2003969CA /* SelfieViewController.m */,
				CC6FFEC61DC44187003969CA /* SelfieView.h */,
				CC6FFEC41DC44162003969CA /* SelfieView.m */,
				CC24114C1DB406C500D1CBFB /* SetupViewController.h */,
				CC2C33C81D702611007A886B /* SetupViewController.m */,
				CC2411471DB3F08400D1CBFB /* splash2.png */,
				CC3259861DB2D68A00EBCDDF /* 8925898_l.jpg */,
				CC2C33D91D7BEF8F007A886B /* QRViewController.h */,
				CC2C33D71D7BEF84007A886B /* QRViewController.m */,
				CC2C33D11D7BEDFB007A886B /* UserInfoViewController.h */,
				CC2C33D21D7BEE05007A886B /* UserInfoViewController.m */,
				CC2C33D61D7BEF17007A886B /* WifiInfoViewController.h */,
				CC2C33D41D7BEF0D007A886B /* WifiInfoViewController.m */,
				CC5C0B7A1D6A9F9400CC4CEF /* GStreamer.framework */,
				CC8B24AA1D07A52700FBE180 /* libcrypto.a */,
				CC2448A61CC61B600036CEB3 /* libiconv.2.4.0.tbd */,
				CC23F89F1CC617A000EA0E62 /* CoreGraphics.framework */,
				CC23F89D1CC6179100EA0E62 /* Foundation.framework */,
				CC23F89B1CC6178C00EA0E62 /* UIKit.framework */,
				CC23F8991CC6177A00EA0E62 /* libiconv.2.tbd */,
				CC23F8951CC6166000EA0E62 /* libstdc++.6.tbd */,
				CC23F8931CC6165800EA0E62 /* libssl.a */,
				CC23F8571CBEDA4B00EA0E62 /* petbot */,
				CC23F8711CBEDA4B00EA0E62 /* petbotTests */,
				CC23F87C1CBEDA4B00EA0E62 /* petbotUITests */,
				CC6FFEB51DC324D8003969CA /* selfie */,
				CC23F8561CBEDA4A00EA0E62 /* Products */,
				1EAEB7B80549636BADEC5ABF /* Pods */,
				CFFC9D71996F3A2CAE937DC9 /* Frameworks */,
			);
			sourceTree = "<group>";
		};
		CC23F8561CBEDA4A00EA0E62 /* Products */ = {
			isa = PBXGroup;
			children = (
				CC23F8551CBEDA4A00EA0E62 /* petbot.app */,
				CC23F86E1CBEDA4B00EA0E62 /* petbotTests.xctest */,
				CC23F8791CBEDA4B00EA0E62 /* petbotUITests.xctest */,
				CC6FFEB41DC324D8003969CA /* selfie.appex */,
			);
			name = Products;
			sourceTree = "<group>";
		};
		CC23F8571CBEDA4B00EA0E62 /* petbot */ = {
			isa = PBXGroup;
			children = (
				CC4A4CBB1DED530300EFFD51 /* silence.mp3 */,
				CC6FFEAF1DC2FA0E003969CA /* petbot.entitlements */,
				CC24114D1DB4075400D1CBFB /* petbot_180.png */,
				CCA48C621DA7565300275348 /* nice_utils.c */,
				CCA48C631DA7565300275348 /* nice_utils.h */,
				CCE22D511CE12ED30096CA68 /* LoginViewController.h */,
				CCE22D521CE12ED30096CA68 /* LoginViewController.m */,
				CC2448B91CC6D7CE0036CEB3 /* notes */,
				CC23F88D1CC5FCE100EA0E62 /* tcp_utils.c */,
				CC23F88E1CC5FCE100EA0E62 /* tcp_utils.h */,
				CCED8B821DB072C200E96B91 /* pb.h */,
				CC2448BB1CC6D9240036CEB3 /* EaglUIVIew.h */,
				CC2448BC1CC6D9240036CEB3 /* EaglUIVIew.m */,
				CC2448BF1CC6D9240036CEB3 /* GStreamerBackend.h */,
				CC2448C01CC6D9240036CEB3 /* GStreamerBackend.m */,
				CC2448C21CC6D9240036CEB3 /* VideoViewController.h */,
				CC2448C31CC6D9240036CEB3 /* VideoViewController.m */,
				CC23F85B1CBEDA4B00EA0E62 /* AppDelegate.h */,
				CC23F85C1CBEDA4B00EA0E62 /* AppDelegate.m */,
				CC23F8611CBEDA4B00EA0E62 /* Main.storyboard */,
				CC4A4CBD1DEEBA0300EFFD51 /* SoundViewController.m */,
				CC4A4CBF1DEEBA3600EFFD51 /* SoundViewController.h */,
				CC23F8641CBEDA4B00EA0E62 /* Assets.xcassets */,
				CC2411491DB3F2AF00D1CBFB /* petbot167.png */,
				CC23F8661CBEDA4B00EA0E62 /* LaunchScreen.storyboard */,
				CC23F8581CBEDA4B00EA0E62 /* Supporting Files */,
				CCD38AB91D0B5954005EF60A /* TODO */,
			);
			path = petbot;
			sourceTree = "<group>";
		};
		CC23F8581CBEDA4B00EA0E62 /* Supporting Files */ = {
			isa = PBXGroup;
			children = (
				CC2448BD1CC6D9240036CEB3 /* gst_ios_init.h */,
				CC2448BE1CC6D9240036CEB3 /* gst_ios_init.m */,
				CC2448C11CC6D9240036CEB3 /* GStreamerBackendDelegate.h */,
				CC23F8691CBEDA4B00EA0E62 /* Info.plist */,
				CC23F8591CBEDA4B00EA0E62 /* main.m */,
				CC2448B51CC621A90036CEB3 /* PrefixHeader.pch */,
			);
			name = "Supporting Files";
			sourceTree = "<group>";
		};
		CC23F8711CBEDA4B00EA0E62 /* petbotTests */ = {
			isa = PBXGroup;
			children = (
				CC23F8721CBEDA4B00EA0E62 /* petbotTests.m */,
				CC23F8741CBEDA4B00EA0E62 /* Info.plist */,
			);
			path = petbotTests;
			sourceTree = "<group>";
		};
		CC23F87C1CBEDA4B00EA0E62 /* petbotUITests */ = {
			isa = PBXGroup;
			children = (
				CC23F87D1CBEDA4B00EA0E62 /* petbotUITests.m */,
				CC23F87F1CBEDA4B00EA0E62 /* Info.plist */,
			);
			path = petbotUITests;
			sourceTree = "<group>";
		};
		CC4580FC1DE15B3D00178132 /* PBUIElements */ = {
			isa = PBXGroup;
			children = (
				CC3259761DB2C3D500EBCDDF /* UIColor+PBColor.h */,
				CC3259771DB2C3D500EBCDDF /* UIColor+PBColor.m */,
				CC32597C1DB2C6DD00EBCDDF /* PBButton.h */,
				CC32597A1DB2C6B300EBCDDF /* PBButton.m */,
				CC3259851DB2D12600EBCDDF /* PBHollowButton.h */,
				CC3259831DB2D10200EBCDDF /* PBHollowButton.m */,
				CC32597F1DB2C8BD00EBCDDF /* PBTextField.h */,
				CC32597D1DB2C8A800EBCDDF /* PBTextField.m */,
				CC56F8861DB30170009013DD /* PBNotifierCircle.h */,
				CC56F8841DB30159009013DD /* PBNotifierCircle.m */,
				CC56F8831DB30037009013DD /* PBNotifierLabel.h */,
				CC56F8811DB3001E009013DD /* PBNotifierLabel.m */,
				CC3259821DB2CACB00EBCDDF /* PBLabel.h */,
				CC3259801DB2CAAC00EBCDDF /* PBLabel.m */,
				CCED8B881DB09AA100E96B91 /* PBViewController.h */,
				CCED8B861DB09A9100E96B91 /* PBViewController.m */,
				CC56F8891DB302BB009013DD /* PBNotifierView.h */,
				CC56F8871DB30292009013DD /* PBNotifierView.m */,
			);
			name = PBUIElements;
			sourceTree = "<group>";
		};
		CC6FFEB51DC324D8003969CA /* selfie */ = {
			isa = PBXGroup;
			children = (
				CC6FFEB61DC324D9003969CA /* NotificationService.h */,
				CC6FFEB71DC324D9003969CA /* NotificationService.m */,
				CC6FFEB91DC324D9003969CA /* Info.plist */,
			);
			path = selfie;
			sourceTree = "<group>";
		};
		CFFC9D71996F3A2CAE937DC9 /* Frameworks */ = {
			isa = PBXGroup;
			children = (
				CC24114F1DB46C3200D1CBFB /* AVFoundation.framework */,
				347E91F8EE74CAF13F18A24A /* libPods-petbot.a */,
				53D72D7152664D64A235A083 /* libPods-petbotTests.a */,
				18710344F87D9B38F573CC0D /* libPods-petbotUITests.a */,
			);
			name = Frameworks;
			sourceTree = "<group>";
		};
/* End PBXGroup section */

/* Begin PBXNativeTarget section */
		CC23F8541CBEDA4A00EA0E62 /* petbot */ = {
			isa = PBXNativeTarget;
			buildConfigurationList = CC23F8821CBEDA4B00EA0E62 /* Build configuration list for PBXNativeTarget "petbot" */;
			buildPhases = (
				33AF204EB044B03BCBE3FEC2 /* [CP] Check Pods Manifest.lock */,
				CC23F8511CBEDA4A00EA0E62 /* Sources */,
				CC23F8521CBEDA4A00EA0E62 /* Frameworks */,
				CC23F8531CBEDA4A00EA0E62 /* Resources */,
				F17A6A78A0316BA68E5D1C4D /* [CP] Embed Pods Frameworks */,
				F399D6A9846E26397C2D13B6 /* [CP] Copy Pods Resources */,
				CC6FFEC01DC324D9003969CA /* Embed App Extensions */,
			);
			buildRules = (
			);
			dependencies = (
				CC6FFEBB1DC324D9003969CA /* PBXTargetDependency */,
			);
			name = petbot;
			productName = petbot;
			productReference = CC23F8551CBEDA4A00EA0E62 /* petbot.app */;
			productType = "com.apple.product-type.application";
		};
		CC23F86D1CBEDA4B00EA0E62 /* petbotTests */ = {
			isa = PBXNativeTarget;
			buildConfigurationList = CC23F8851CBEDA4B00EA0E62 /* Build configuration list for PBXNativeTarget "petbotTests" */;
			buildPhases = (
				83D3B527859DB31F57B43B1C /* [CP] Check Pods Manifest.lock */,
				CC23F86A1CBEDA4B00EA0E62 /* Sources */,
				CC23F86B1CBEDA4B00EA0E62 /* Frameworks */,
				CC23F86C1CBEDA4B00EA0E62 /* Resources */,
				20031A8225CB546FD2B0827D /* [CP] Embed Pods Frameworks */,
				48D4D452B41794F864EF225B /* [CP] Copy Pods Resources */,
			);
			buildRules = (
			);
			dependencies = (
				CC23F8701CBEDA4B00EA0E62 /* PBXTargetDependency */,
			);
			name = petbotTests;
			productName = petbotTests;
			productReference = CC23F86E1CBEDA4B00EA0E62 /* petbotTests.xctest */;
			productType = "com.apple.product-type.bundle.unit-test";
		};
		CC23F8781CBEDA4B00EA0E62 /* petbotUITests */ = {
			isa = PBXNativeTarget;
			buildConfigurationList = CC23F8881CBEDA4B00EA0E62 /* Build configuration list for PBXNativeTarget "petbotUITests" */;
			buildPhases = (
				3AFBAB3B1EEAE21A09316BFD /* [CP] Check Pods Manifest.lock */,
				CC23F8751CBEDA4B00EA0E62 /* Sources */,
				CC23F8761CBEDA4B00EA0E62 /* Frameworks */,
				CC23F8771CBEDA4B00EA0E62 /* Resources */,
				41FB56B210E2019144C9B784 /* [CP] Embed Pods Frameworks */,
				607F76756827DF60D3BF79E8 /* [CP] Copy Pods Resources */,
			);
			buildRules = (
			);
			dependencies = (
				CC23F87B1CBEDA4B00EA0E62 /* PBXTargetDependency */,
			);
			name = petbotUITests;
			productName = petbotUITests;
			productReference = CC23F8791CBEDA4B00EA0E62 /* petbotUITests.xctest */;
			productType = "com.apple.product-type.bundle.ui-testing";
		};
		CC6FFEB31DC324D8003969CA /* selfie */ = {
			isa = PBXNativeTarget;
			buildConfigurationList = CC6FFEBD1DC324D9003969CA /* Build configuration list for PBXNativeTarget "selfie" */;
			buildPhases = (
				CC6FFEB01DC324D8003969CA /* Sources */,
				CC6FFEB11DC324D8003969CA /* Frameworks */,
				CC6FFEB21DC324D8003969CA /* Resources */,
			);
			buildRules = (
			);
			dependencies = (
			);
			name = selfie;
			productName = selfie;
			productReference = CC6FFEB41DC324D8003969CA /* selfie.appex */;
			productType = "com.apple.product-type.app-extension";
		};
/* End PBXNativeTarget section */

/* Begin PBXProject section */
		CC23F84D1CBEDA4A00EA0E62 /* Project object */ = {
			isa = PBXProject;
			attributes = {
				LastUpgradeCheck = 0800;
				ORGANIZATIONNAME = PetBot;
				TargetAttributes = {
					CC23F8541CBEDA4A00EA0E62 = {
						CreatedOnToolsVersion = 7.3;
						DevelopmentTeam = WFC7QRPM2Y;
						SystemCapabilities = {
							com.apple.Push = {
								enabled = 1;
							};
						};
					};
					CC23F86D1CBEDA4B00EA0E62 = {
						CreatedOnToolsVersion = 7.3;
						TestTargetID = CC23F8541CBEDA4A00EA0E62;
					};
					CC23F8781CBEDA4B00EA0E62 = {
						CreatedOnToolsVersion = 7.3;
						TestTargetID = CC23F8541CBEDA4A00EA0E62;
					};
					CC6FFEB31DC324D8003969CA = {
						CreatedOnToolsVersion = 8.0;
						DevelopmentTeam = WFC7QRPM2Y;
						ProvisioningStyle = Automatic;
					};
				};
			};
			buildConfigurationList = CC23F8501CBEDA4A00EA0E62 /* Build configuration list for PBXProject "petbot" */;
			compatibilityVersion = "Xcode 3.2";
			developmentRegion = English;
			hasScannedForEncodings = 0;
			knownRegions = (
				en,
				Base,
			);
			mainGroup = CC23F84C1CBEDA4A00EA0E62;
			productRefGroup = CC23F8561CBEDA4A00EA0E62 /* Products */;
			projectDirPath = "";
			projectRoot = "";
			targets = (
				CC23F8541CBEDA4A00EA0E62 /* petbot */,
				CC23F86D1CBEDA4B00EA0E62 /* petbotTests */,
				CC23F8781CBEDA4B00EA0E62 /* petbotUITests */,
				CC6FFEB31DC324D8003969CA /* selfie */,
			);
		};
/* End PBXProject section */

/* Begin PBXResourcesBuildPhase section */
		CC23F8531CBEDA4A00EA0E62 /* Resources */ = {
			isa = PBXResourcesBuildPhase;
			buildActionMask = 2147483647;
			files = (
				CC4A4CBC1DED530300EFFD51 /* silence.mp3 in Resources */,
				CC23F8681CBEDA4B00EA0E62 /* LaunchScreen.storyboard in Resources */,
				CCD38ABA1D0B5954005EF60A /* TODO in Resources */,
				CC3259871DB2D68A00EBCDDF /* 8925898_l.jpg in Resources */,
				CC23F8651CBEDA4B00EA0E62 /* Assets.xcassets in Resources */,
				CC24114E1DB4075400D1CBFB /* petbot_180.png in Resources */,
				CC24114A1DB3F2AF00D1CBFB /* petbot167.png in Resources */,
				CC2448BA1CC6D7CF0036CEB3 /* notes in Resources */,
				CC2411481DB3F08400D1CBFB /* splash2.png in Resources */,
				CC23F8631CBEDA4B00EA0E62 /* Main.storyboard in Resources */,
			);
			runOnlyForDeploymentPostprocessing = 0;
		};
		CC23F86C1CBEDA4B00EA0E62 /* Resources */ = {
			isa = PBXResourcesBuildPhase;
			buildActionMask = 2147483647;
			files = (
			);
			runOnlyForDeploymentPostprocessing = 0;
		};
		CC23F8771CBEDA4B00EA0E62 /* Resources */ = {
			isa = PBXResourcesBuildPhase;
			buildActionMask = 2147483647;
			files = (
			);
			runOnlyForDeploymentPostprocessing = 0;
		};
		CC6FFEB21DC324D8003969CA /* Resources */ = {
			isa = PBXResourcesBuildPhase;
			buildActionMask = 2147483647;
			files = (
			);
			runOnlyForDeploymentPostprocessing = 0;
		};
/* End PBXResourcesBuildPhase section */

/* Begin PBXShellScriptBuildPhase section */
		20031A8225CB546FD2B0827D /* [CP] Embed Pods Frameworks */ = {
			isa = PBXShellScriptBuildPhase;
			buildActionMask = 2147483647;
			files = (
			);
			inputPaths = (
			);
			name = "[CP] Embed Pods Frameworks";
			outputPaths = (
			);
			runOnlyForDeploymentPostprocessing = 0;
			shellPath = /bin/sh;
			shellScript = "\"${SRCROOT}/Pods/Target Support Files/Pods-petbotTests/Pods-petbotTests-frameworks.sh\"\n";
			showEnvVarsInLog = 0;
		};
		33AF204EB044B03BCBE3FEC2 /* [CP] Check Pods Manifest.lock */ = {
			isa = PBXShellScriptBuildPhase;
			buildActionMask = 2147483647;
			files = (
			);
			inputPaths = (
			);
			name = "[CP] Check Pods Manifest.lock";
			outputPaths = (
			);
			runOnlyForDeploymentPostprocessing = 0;
			shellPath = /bin/sh;
			shellScript = "diff \"${PODS_ROOT}/../Podfile.lock\" \"${PODS_ROOT}/Manifest.lock\" > /dev/null\nif [ $? != 0 ] ; then\n    # print error to STDERR\n    echo \"error: The sandbox is not in sync with the Podfile.lock. Run 'pod install' or update your CocoaPods installation.\" >&2\n    exit 1\nfi\n";
			showEnvVarsInLog = 0;
		};
		3AFBAB3B1EEAE21A09316BFD /* [CP] Check Pods Manifest.lock */ = {
			isa = PBXShellScriptBuildPhase;
			buildActionMask = 2147483647;
			files = (
			);
			inputPaths = (
			);
			name = "[CP] Check Pods Manifest.lock";
			outputPaths = (
			);
			runOnlyForDeploymentPostprocessing = 0;
			shellPath = /bin/sh;
			shellScript = "diff \"${PODS_ROOT}/../Podfile.lock\" \"${PODS_ROOT}/Manifest.lock\" > /dev/null\nif [ $? != 0 ] ; then\n    # print error to STDERR\n    echo \"error: The sandbox is not in sync with the Podfile.lock. Run 'pod install' or update your CocoaPods installation.\" >&2\n    exit 1\nfi\n";
			showEnvVarsInLog = 0;
		};
		41FB56B210E2019144C9B784 /* [CP] Embed Pods Frameworks */ = {
			isa = PBXShellScriptBuildPhase;
			buildActionMask = 2147483647;
			files = (
			);
			inputPaths = (
			);
			name = "[CP] Embed Pods Frameworks";
			outputPaths = (
			);
			runOnlyForDeploymentPostprocessing = 0;
			shellPath = /bin/sh;
			shellScript = "\"${SRCROOT}/Pods/Target Support Files/Pods-petbotUITests/Pods-petbotUITests-frameworks.sh\"\n";
			showEnvVarsInLog = 0;
		};
		48D4D452B41794F864EF225B /* [CP] Copy Pods Resources */ = {
			isa = PBXShellScriptBuildPhase;
			buildActionMask = 2147483647;
			files = (
			);
			inputPaths = (
			);
			name = "[CP] Copy Pods Resources";
			outputPaths = (
			);
			runOnlyForDeploymentPostprocessing = 0;
			shellPath = /bin/sh;
			shellScript = "\"${SRCROOT}/Pods/Target Support Files/Pods-petbotTests/Pods-petbotTests-resources.sh\"\n";
			showEnvVarsInLog = 0;
		};
		607F76756827DF60D3BF79E8 /* [CP] Copy Pods Resources */ = {
			isa = PBXShellScriptBuildPhase;
			buildActionMask = 2147483647;
			files = (
			);
			inputPaths = (
			);
			name = "[CP] Copy Pods Resources";
			outputPaths = (
			);
			runOnlyForDeploymentPostprocessing = 0;
			shellPath = /bin/sh;
			shellScript = "\"${SRCROOT}/Pods/Target Support Files/Pods-petbotUITests/Pods-petbotUITests-resources.sh\"\n";
			showEnvVarsInLog = 0;
		};
		83D3B527859DB31F57B43B1C /* [CP] Check Pods Manifest.lock */ = {
			isa = PBXShellScriptBuildPhase;
			buildActionMask = 2147483647;
			files = (
			);
			inputPaths = (
			);
			name = "[CP] Check Pods Manifest.lock";
			outputPaths = (
			);
			runOnlyForDeploymentPostprocessing = 0;
			shellPath = /bin/sh;
			shellScript = "diff \"${PODS_ROOT}/../Podfile.lock\" \"${PODS_ROOT}/Manifest.lock\" > /dev/null\nif [ $? != 0 ] ; then\n    # print error to STDERR\n    echo \"error: The sandbox is not in sync with the Podfile.lock. Run 'pod install' or update your CocoaPods installation.\" >&2\n    exit 1\nfi\n";
			showEnvVarsInLog = 0;
		};
		F17A6A78A0316BA68E5D1C4D /* [CP] Embed Pods Frameworks */ = {
			isa = PBXShellScriptBuildPhase;
			buildActionMask = 2147483647;
			files = (
			);
			inputPaths = (
			);
			name = "[CP] Embed Pods Frameworks";
			outputPaths = (
			);
			runOnlyForDeploymentPostprocessing = 0;
			shellPath = /bin/sh;
			shellScript = "\"${SRCROOT}/Pods/Target Support Files/Pods-petbot/Pods-petbot-frameworks.sh\"\n";
			showEnvVarsInLog = 0;
		};
		F399D6A9846E26397C2D13B6 /* [CP] Copy Pods Resources */ = {
			isa = PBXShellScriptBuildPhase;
			buildActionMask = 2147483647;
			files = (
			);
			inputPaths = (
			);
			name = "[CP] Copy Pods Resources";
			outputPaths = (
			);
			runOnlyForDeploymentPostprocessing = 0;
			shellPath = /bin/sh;
			shellScript = "\"${SRCROOT}/Pods/Target Support Files/Pods-petbot/Pods-petbot-resources.sh\"\n";
			showEnvVarsInLog = 0;
		};
/* End PBXShellScriptBuildPhase section */

/* Begin PBXSourcesBuildPhase section */
		CC23F8511CBEDA4A00EA0E62 /* Sources */ = {
			isa = PBXSourcesBuildPhase;
			buildActionMask = 2147483647;
			files = (
				CC3259811DB2CAAC00EBCDDF /* PBLabel.m in Sources */,
				CC2C33C91D702611007A886B /* SetupViewController.m in Sources */,
				CC6FFEC51DC44162003969CA /* SelfieView.m in Sources */,
				CC2448C41CC6D9240036CEB3 /* EaglUIVIew.m in Sources */,
				CC6FFEC21DC420E2003969CA /* SelfieViewController.m in Sources */,
				CC56F8881DB30292009013DD /* PBNotifierView.m in Sources */,
				CC32597B1DB2C6B300EBCDDF /* PBButton.m in Sources */,
				CC23F85D1CBEDA4B00EA0E62 /* AppDelegate.m in Sources */,
				CC56F8851DB30159009013DD /* PBNotifierCircle.m in Sources */,
				CC2C33D51D7BEF0D007A886B /* WifiInfoViewController.m in Sources */,
				CCED8B871DB09A9100E96B91 /* PBViewController.m in Sources */,
				CC3259781DB2C3D500EBCDDF /* UIColor+PBColor.m in Sources */,
				CC2448C71CC6D9240036CEB3 /* VideoViewController.m in Sources */,
				CC2448C51CC6D9240036CEB3 /* gst_ios_init.m in Sources */,
				CC56F8821DB3001E009013DD /* PBNotifierLabel.m in Sources */,
				CC2C33D31D7BEE05007A886B /* UserInfoViewController.m in Sources */,
				CC4A4CBE1DEEBA0300EFFD51 /* SoundViewController.m in Sources */,
				CC2C33D81D7BEF84007A886B /* QRViewController.m in Sources */,
				CC32597E1DB2C8A800EBCDDF /* PBTextField.m in Sources */,
				CC2448C61CC6D9240036CEB3 /* GStreamerBackend.m in Sources */,
				CCE22D531CE12ED30096CA68 /* LoginViewController.m in Sources */,
				CC23F8901CC5FCE100EA0E62 /* tcp_utils.c in Sources */,
				CC23F85A1CBEDA4B00EA0E62 /* main.m in Sources */,
				CCA48C641DA7565300275348 /* nice_utils.c in Sources */,
				CC3259841DB2D10200EBCDDF /* PBHollowButton.m in Sources */,
			);
			runOnlyForDeploymentPostprocessing = 0;
		};
		CC23F86A1CBEDA4B00EA0E62 /* Sources */ = {
			isa = PBXSourcesBuildPhase;
			buildActionMask = 2147483647;
			files = (
				CC23F8731CBEDA4B00EA0E62 /* petbotTests.m in Sources */,
			);
			runOnlyForDeploymentPostprocessing = 0;
		};
		CC23F8751CBEDA4B00EA0E62 /* Sources */ = {
			isa = PBXSourcesBuildPhase;
			buildActionMask = 2147483647;
			files = (
				CC23F87E1CBEDA4B00EA0E62 /* petbotUITests.m in Sources */,
			);
			runOnlyForDeploymentPostprocessing = 0;
		};
		CC6FFEB01DC324D8003969CA /* Sources */ = {
			isa = PBXSourcesBuildPhase;
			buildActionMask = 2147483647;
			files = (
				CC6FFEB81DC324D9003969CA /* NotificationService.m in Sources */,
			);
			runOnlyForDeploymentPostprocessing = 0;
		};
/* End PBXSourcesBuildPhase section */

/* Begin PBXTargetDependency section */
		CC23F8701CBEDA4B00EA0E62 /* PBXTargetDependency */ = {
			isa = PBXTargetDependency;
			target = CC23F8541CBEDA4A00EA0E62 /* petbot */;
			targetProxy = CC23F86F1CBEDA4B00EA0E62 /* PBXContainerItemProxy */;
		};
		CC23F87B1CBEDA4B00EA0E62 /* PBXTargetDependency */ = {
			isa = PBXTargetDependency;
			target = CC23F8541CBEDA4A00EA0E62 /* petbot */;
			targetProxy = CC23F87A1CBEDA4B00EA0E62 /* PBXContainerItemProxy */;
		};
		CC6FFEBB1DC324D9003969CA /* PBXTargetDependency */ = {
			isa = PBXTargetDependency;
			target = CC6FFEB31DC324D8003969CA /* selfie */;
			targetProxy = CC6FFEBA1DC324D9003969CA /* PBXContainerItemProxy */;
		};
/* End PBXTargetDependency section */

/* Begin PBXVariantGroup section */
		CC23F8611CBEDA4B00EA0E62 /* Main.storyboard */ = {
			isa = PBXVariantGroup;
			children = (
				CC23F8621CBEDA4B00EA0E62 /* Base */,
			);
			name = Main.storyboard;
			sourceTree = "<group>";
		};
		CC23F8661CBEDA4B00EA0E62 /* LaunchScreen.storyboard */ = {
			isa = PBXVariantGroup;
			children = (
				CC23F8671CBEDA4B00EA0E62 /* Base */,
			);
			name = LaunchScreen.storyboard;
			sourceTree = "<group>";
		};
/* End PBXVariantGroup section */

/* Begin XCBuildConfiguration section */
		CC23F8801CBEDA4B00EA0E62 /* Debug */ = {
			isa = XCBuildConfiguration;
			buildSettings = {
				ALWAYS_SEARCH_USER_PATHS = NO;
				CLANG_ANALYZER_NONNULL = YES;
				CLANG_CXX_LANGUAGE_STANDARD = "gnu++0x";
				CLANG_CXX_LIBRARY = "libc++";
				CLANG_ENABLE_MODULES = YES;
				CLANG_ENABLE_OBJC_ARC = YES;
				CLANG_WARN_BOOL_CONVERSION = YES;
				CLANG_WARN_CONSTANT_CONVERSION = YES;
				CLANG_WARN_DIRECT_OBJC_ISA_USAGE = YES_ERROR;
				CLANG_WARN_EMPTY_BODY = YES;
				CLANG_WARN_ENUM_CONVERSION = YES;
				CLANG_WARN_INFINITE_RECURSION = YES;
				CLANG_WARN_INT_CONVERSION = YES;
				CLANG_WARN_OBJC_ROOT_CLASS = YES_ERROR;
				CLANG_WARN_SUSPICIOUS_MOVE = YES;
				CLANG_WARN_UNREACHABLE_CODE = YES;
				CLANG_WARN__DUPLICATE_METHOD_MATCH = YES;
				"CODE_SIGN_IDENTITY[sdk=iphoneos*]" = "iPhone Developer";
				COPY_PHASE_STRIP = NO;
				DEBUG_INFORMATION_FORMAT = dwarf;
				ENABLE_STRICT_OBJC_MSGSEND = YES;
				ENABLE_TESTABILITY = YES;
				GCC_C_LANGUAGE_STANDARD = gnu99;
				GCC_DYNAMIC_NO_PIC = NO;
				GCC_NO_COMMON_BLOCKS = YES;
				GCC_OPTIMIZATION_LEVEL = 0;
				GCC_PREPROCESSOR_DEFINITIONS = (
					"DEBUG=1",
					"$(inherited)",
				);
				GCC_WARN_64_TO_32_BIT_CONVERSION = YES;
				GCC_WARN_ABOUT_RETURN_TYPE = YES_ERROR;
				GCC_WARN_UNDECLARED_SELECTOR = YES;
				GCC_WARN_UNINITIALIZED_AUTOS = YES_AGGRESSIVE;
				GCC_WARN_UNUSED_FUNCTION = YES;
				GCC_WARN_UNUSED_VARIABLE = YES;
				IPHONEOS_DEPLOYMENT_TARGET = 9.3;
				MTL_ENABLE_DEBUG_INFO = YES;
				ONLY_ACTIVE_ARCH = YES;
				SDKROOT = iphoneos;
				TARGETED_DEVICE_FAMILY = "1,2";
			};
			name = Debug;
		};
		CC23F8811CBEDA4B00EA0E62 /* Release */ = {
			isa = XCBuildConfiguration;
			buildSettings = {
				ALWAYS_SEARCH_USER_PATHS = NO;
				CLANG_ANALYZER_NONNULL = YES;
				CLANG_CXX_LANGUAGE_STANDARD = "gnu++0x";
				CLANG_CXX_LIBRARY = "libc++";
				CLANG_ENABLE_MODULES = YES;
				CLANG_ENABLE_OBJC_ARC = YES;
				CLANG_WARN_BOOL_CONVERSION = YES;
				CLANG_WARN_CONSTANT_CONVERSION = YES;
				CLANG_WARN_DIRECT_OBJC_ISA_USAGE = YES_ERROR;
				CLANG_WARN_EMPTY_BODY = YES;
				CLANG_WARN_ENUM_CONVERSION = YES;
				CLANG_WARN_INFINITE_RECURSION = YES;
				CLANG_WARN_INT_CONVERSION = YES;
				CLANG_WARN_OBJC_ROOT_CLASS = YES_ERROR;
				CLANG_WARN_SUSPICIOUS_MOVE = YES;
				CLANG_WARN_UNREACHABLE_CODE = YES;
				CLANG_WARN__DUPLICATE_METHOD_MATCH = YES;
				"CODE_SIGN_IDENTITY[sdk=iphoneos*]" = "iPhone Developer";
				COPY_PHASE_STRIP = NO;
				DEBUG_INFORMATION_FORMAT = "dwarf-with-dsym";
				ENABLE_NS_ASSERTIONS = NO;
				ENABLE_STRICT_OBJC_MSGSEND = YES;
				GCC_C_LANGUAGE_STANDARD = gnu99;
				GCC_NO_COMMON_BLOCKS = YES;
				GCC_WARN_64_TO_32_BIT_CONVERSION = YES;
				GCC_WARN_ABOUT_RETURN_TYPE = YES_ERROR;
				GCC_WARN_UNDECLARED_SELECTOR = YES;
				GCC_WARN_UNINITIALIZED_AUTOS = YES_AGGRESSIVE;
				GCC_WARN_UNUSED_FUNCTION = YES;
				GCC_WARN_UNUSED_VARIABLE = YES;
				IPHONEOS_DEPLOYMENT_TARGET = 9.3;
				MTL_ENABLE_DEBUG_INFO = NO;
				SDKROOT = iphoneos;
				TARGETED_DEVICE_FAMILY = "1,2";
				VALIDATE_PRODUCT = YES;
			};
			name = Release;
		};
		CC23F8831CBEDA4B00EA0E62 /* Debug */ = {
			isa = XCBuildConfiguration;
			baseConfigurationReference = 09FC2FA6D73D355D1EE07FC1 /* Pods-petbot.debug.xcconfig */;
			buildSettings = {
				ALWAYS_SEARCH_USER_PATHS = YES;
				ASSETCATALOG_COMPILER_APPICON_NAME = AppIcon;
				CLANG_CXX_LIBRARY = "compiler-default";
				CODE_SIGN_ENTITLEMENTS = petbot/petbot.entitlements;
				DEVELOPMENT_TEAM = WFC7QRPM2Y;
				ENABLE_BITCODE = NO;
				FRAMEWORK_SEARCH_PATHS = (
					"~/Library/Developer/GStreamer/iPhone.sdk",
					"\"$(SYSTEM_APPS_DIR)/Xcode.app/Contents/Developer/Library/Frameworks\"",
					"$(LOCAL_LIBRARY_DIR)/Frameworks",
				);
				GCC_DYNAMIC_NO_PIC = YES;
				GCC_PRECOMPILE_PREFIX_HEADER = YES;
				GCC_PREFIX_HEADER = petbot/PrefixHeader.pch;
				HEADER_SEARCH_PATHS = (
					"\"~/Library/Developer/GStreamer/iPhone.sdk/GStreamer.framework/Headers\"",
					"$(inherited)",
				);
				INFOPLIST_FILE = petbot/Info.plist;
				IPHONEOS_DEPLOYMENT_TARGET = 8.0;
				LD_NO_PIE = YES;
				LD_RUNPATH_SEARCH_PATHS = "$(inherited) @executable_path/Frameworks";
				LIBRARY_SEARCH_PATHS = (
					"$(SRCROOT)/petbot/libs/openssl-1.0.2f-iOS/lib",
					"$(PROJECT_DIR)/petbot/libs/openssl-1.0.2f-iOS/lib",
					"$(PROJECT_DIR)/petbot/ZBarSDK",
					"$(inherited)",
				);
				OTHER_CFLAGS = (
					"-DPBSSL",
					"-DPBTHREADS",
					"$(inherited)",
				);
				OTHER_LDFLAGS = (
					"-lresolv",
					"-lstdc++",
					"-framework",
					CoreFoundation,
					"-framework",
					Foundation,
					"-framework",
					AVFoundation,
					"-framework",
					CoreMedia,
					"-framework",
					CoreVideo,
					"-framework",
					CoreAudio,
					"-framework",
					AudioToolbox,
					"-framework",
					OpenGLES,
					"-framework",
					AssetsLibrary,
					"-framework",
					QuartzCore,
					"-framework",
					AssetsLibrary,
					"-weak_framework",
					VideoToolBox,
					"$(inherited)",
				);
				PRODUCT_BUNDLE_IDENTIFIER = csmisko.PetBot;
				PRODUCT_NAME = "$(TARGET_NAME)";
				USER_HEADER_SEARCH_PATHS = "$(SRCROOT)/petbot/libs/openssl-1.0.2f-iOS/include";
			};
			name = Debug;
		};
		CC23F8841CBEDA4B00EA0E62 /* Release */ = {
			isa = XCBuildConfiguration;
			baseConfigurationReference = 55845B80B42262C9D92FC586 /* Pods-petbot.release.xcconfig */;
			buildSettings = {
				ALWAYS_SEARCH_USER_PATHS = YES;
				ASSETCATALOG_COMPILER_APPICON_NAME = AppIcon;
				CLANG_CXX_LIBRARY = "compiler-default";
				CODE_SIGN_ENTITLEMENTS = petbot/petbot.entitlements;
				DEVELOPMENT_TEAM = WFC7QRPM2Y;
				ENABLE_BITCODE = NO;
				FRAMEWORK_SEARCH_PATHS = (
					"~/Library/Developer/GStreamer/iPhone.sdk",
					"\"$(SYSTEM_APPS_DIR)/Xcode.app/Contents/Developer/Library/Frameworks\"",
					"$(LOCAL_LIBRARY_DIR)/Frameworks",
				);
				GCC_DYNAMIC_NO_PIC = YES;
				GCC_PRECOMPILE_PREFIX_HEADER = YES;
				GCC_PREFIX_HEADER = petbot/PrefixHeader.pch;
				HEADER_SEARCH_PATHS = (
					"\"~/Library/Developer/GStreamer/iPhone.sdk/GStreamer.framework/Headers\"",
					"$(inherited)",
				);
				INFOPLIST_FILE = petbot/Info.plist;
				IPHONEOS_DEPLOYMENT_TARGET = 8.0;
				LD_NO_PIE = YES;
				LD_RUNPATH_SEARCH_PATHS = "$(inherited) @executable_path/Frameworks";
				LIBRARY_SEARCH_PATHS = (
					"$(SRCROOT)/petbot/libs/openssl-1.0.2f-iOS/lib",
					"$(PROJECT_DIR)/petbot/libs/openssl-1.0.2f-iOS/lib",
					"$(PROJECT_DIR)/petbot/ZBarSDK",
					"$(inherited)",
				);
				OTHER_CFLAGS = (
					"-DPBSSL",
					"-DPBTHREADS",
					"$(inherited)",
				);
				OTHER_LDFLAGS = (
					"-lresolv",
					"-lstdc++",
					"-framework",
					CoreFoundation,
					"-framework",
					Foundation,
					"-framework",
					AVFoundation,
					"-framework",
					CoreMedia,
					"-framework",
					CoreVideo,
					"-framework",
					CoreAudio,
					"-framework",
					AudioToolbox,
					"-framework",
					OpenGLES,
					"-framework",
					AssetsLibrary,
					"-framework",
					QuartzCore,
					"-framework",
					AssetsLibrary,
					"-weak_framework",
					VideoToolBox,
					"$(inherited)",
				);
				PRODUCT_BUNDLE_IDENTIFIER = csmisko.PetBot;
				PRODUCT_NAME = "$(TARGET_NAME)";
				USER_HEADER_SEARCH_PATHS = "$(SRCROOT)/petbot/libs/openssl-1.0.2f-iOS/include";
			};
			name = Release;
		};
		CC23F8861CBEDA4B00EA0E62 /* Debug */ = {
			isa = XCBuildConfiguration;
			baseConfigurationReference = 27A575EAB466C2D11DD250D8 /* Pods-petbotTests.debug.xcconfig */;
			buildSettings = {
				BUNDLE_LOADER = "$(TEST_HOST)";
				INFOPLIST_FILE = petbotTests/Info.plist;
				LD_RUNPATH_SEARCH_PATHS = "$(inherited) @executable_path/Frameworks @loader_path/Frameworks";
				PRODUCT_BUNDLE_IDENTIFIER = csmisko.petbotTests;
				PRODUCT_NAME = "$(TARGET_NAME)";
				TEST_HOST = "$(BUILT_PRODUCTS_DIR)/petbot.app/petbot";
			};
			name = Debug;
		};
		CC23F8871CBEDA4B00EA0E62 /* Release */ = {
			isa = XCBuildConfiguration;
			baseConfigurationReference = 955BF0A3EE7E9A2299F1B6F2 /* Pods-petbotTests.release.xcconfig */;
			buildSettings = {
				BUNDLE_LOADER = "$(TEST_HOST)";
				INFOPLIST_FILE = petbotTests/Info.plist;
				LD_RUNPATH_SEARCH_PATHS = "$(inherited) @executable_path/Frameworks @loader_path/Frameworks";
				PRODUCT_BUNDLE_IDENTIFIER = csmisko.petbotTests;
				PRODUCT_NAME = "$(TARGET_NAME)";
				TEST_HOST = "$(BUILT_PRODUCTS_DIR)/petbot.app/petbot";
			};
			name = Release;
		};
		CC23F8891CBEDA4B00EA0E62 /* Debug */ = {
			isa = XCBuildConfiguration;
			baseConfigurationReference = 7F5E4F206B8437F049ADF652 /* Pods-petbotUITests.debug.xcconfig */;
			buildSettings = {
				INFOPLIST_FILE = petbotUITests/Info.plist;
				LD_RUNPATH_SEARCH_PATHS = "$(inherited) @executable_path/Frameworks @loader_path/Frameworks";
				PRODUCT_BUNDLE_IDENTIFIER = csmisko.petbotUITests;
				PRODUCT_NAME = "$(TARGET_NAME)";
				TEST_TARGET_NAME = petbot;
			};
			name = Debug;
		};
		CC23F88A1CBEDA4B00EA0E62 /* Release */ = {
			isa = XCBuildConfiguration;
			baseConfigurationReference = D8C49DC429ABF475FB4E923E /* Pods-petbotUITests.release.xcconfig */;
			buildSettings = {
				INFOPLIST_FILE = petbotUITests/Info.plist;
				LD_RUNPATH_SEARCH_PATHS = "$(inherited) @executable_path/Frameworks @loader_path/Frameworks";
				PRODUCT_BUNDLE_IDENTIFIER = csmisko.petbotUITests;
				PRODUCT_NAME = "$(TARGET_NAME)";
				TEST_TARGET_NAME = petbot;
			};
			name = Release;
		};
		CC6FFEBE1DC324D9003969CA /* Debug */ = {
			isa = XCBuildConfiguration;
			buildSettings = {
				CLANG_WARN_DOCUMENTATION_COMMENTS = YES;
				CLANG_WARN_SUSPICIOUS_MOVES = YES;
				DEVELOPMENT_TEAM = WFC7QRPM2Y;
				INFOPLIST_FILE = selfie/Info.plist;
				IPHONEOS_DEPLOYMENT_TARGET = 10.0;
				LD_RUNPATH_SEARCH_PATHS = "$(inherited) @executable_path/Frameworks @executable_path/../../Frameworks";
				PRODUCT_BUNDLE_IDENTIFIER = csmisko.PetBot.selfie;
				PRODUCT_NAME = "$(TARGET_NAME)";
				SKIP_INSTALL = YES;
			};
			name = Debug;
		};
		CC6FFEBF1DC324D9003969CA /* Release */ = {
			isa = XCBuildConfiguration;
			buildSettings = {
				CLANG_WARN_DOCUMENTATION_COMMENTS = YES;
				CLANG_WARN_SUSPICIOUS_MOVES = YES;
				DEVELOPMENT_TEAM = WFC7QRPM2Y;
				INFOPLIST_FILE = selfie/Info.plist;
				IPHONEOS_DEPLOYMENT_TARGET = 10.0;
				LD_RUNPATH_SEARCH_PATHS = "$(inherited) @executable_path/Frameworks @executable_path/../../Frameworks";
				PRODUCT_BUNDLE_IDENTIFIER = csmisko.PetBot.selfie;
				PRODUCT_NAME = "$(TARGET_NAME)";
				SKIP_INSTALL = YES;
			};
			name = Release;
		};
/* End XCBuildConfiguration section */

/* Begin XCConfigurationList section */
		CC23F8501CBEDA4A00EA0E62 /* Build configuration list for PBXProject "petbot" */ = {
			isa = XCConfigurationList;
			buildConfigurations = (
				CC23F8801CBEDA4B00EA0E62 /* Debug */,
				CC23F8811CBEDA4B00EA0E62 /* Release */,
			);
			defaultConfigurationIsVisible = 0;
			defaultConfigurationName = Release;
		};
		CC23F8821CBEDA4B00EA0E62 /* Build configuration list for PBXNativeTarget "petbot" */ = {
			isa = XCConfigurationList;
			buildConfigurations = (
				CC23F8831CBEDA4B00EA0E62 /* Debug */,
				CC23F8841CBEDA4B00EA0E62 /* Release */,
			);
			defaultConfigurationIsVisible = 0;
			defaultConfigurationName = Release;
		};
		CC23F8851CBEDA4B00EA0E62 /* Build configuration list for PBXNativeTarget "petbotTests" */ = {
			isa = XCConfigurationList;
			buildConfigurations = (
				CC23F8861CBEDA4B00EA0E62 /* Debug */,
				CC23F8871CBEDA4B00EA0E62 /* Release */,
			);
			defaultConfigurationIsVisible = 0;
			defaultConfigurationName = Release;
		};
		CC23F8881CBEDA4B00EA0E62 /* Build configuration list for PBXNativeTarget "petbotUITests" */ = {
			isa = XCConfigurationList;
			buildConfigurations = (
				CC23F8891CBEDA4B00EA0E62 /* Debug */,
				CC23F88A1CBEDA4B00EA0E62 /* Release */,
			);
			defaultConfigurationIsVisible = 0;
			defaultConfigurationName = Release;
		};
		CC6FFEBD1DC324D9003969CA /* Build configuration list for PBXNativeTarget "selfie" */ = {
			isa = XCConfigurationList;
			buildConfigurations = (
				CC6FFEBE1DC324D9003969CA /* Debug */,
				CC6FFEBF1DC324D9003969CA /* Release */,
			);
			defaultConfigurationIsVisible = 0;
			defaultConfigurationName = Release;
		};
/* End XCConfigurationList section */
	};
	rootObject = CC23F84D1CBEDA4A00EA0E62 /* Project object */;
}
